{
  "name": "saturday",
  "version": "0.3.0",
  "lockfileVersion": 3,
  "requires": true,
  "packages": {
    "": {
      "name": "saturday",
      "version": "0.3.0",
      "license": "MIT",
      "workspaces": [
        "packages/*",
        "plugins/*"
      ],
      "devDependencies": {
        "@deepseek-ai/cordis": "^4.0.1"
      },
      "engines": {
        "node": ">=22"
      }
    },
    "node_modules/@deepseek-ai/cordis": {
      "version": "4.0.1",
      "resolved": "https://registry.npmjs.org/@deepseek-ai/cordis/-/cordis-4.0.1.tgz",
      "integrity": "sha512-YBdskTU2Po1kru3GgcUWUbkTsPMA9LkSQDAY8rBkFJeajdgcQad3QPJZE26JyK99Xb6HaASvoXg2DSUTeN/0Nw==",
      "license": "MIT",
      "dependencies": {
        "@deepseek-ai/cosmokit": "^1.8.2",
        "@standard-schema/spec": "^1.1.0"
      },
      "bin": {
        "cordis": "bin.js"
      },
      "peerDependencies": {
        "@deepseek-ai/cordis-plugin-include": "^1.0.6",
        "@deepseek-ai/cordis-plugin-loader": "^1.0.2"
      },
      "peerDependenciesMeta": {
        "@deepseek-ai/cordis-plugin-include": {
          "optional": true
        },
        "@deepseek-ai/cordis-plugin-loader": {
          "optional": true
        }
      }
    },
    "node_modules/@deepseek-ai/cosmokit": {
      "version": "1.8.2",
      "resolved": "https://registry.npmjs.org/@deepseek-ai/cosmokit/-/cosmokit-1.8.2.tgz",
      "integrity": "sha512-muBOKtSrUKU5m/xpq8ZXWL6hQ/jgd4PhU2PqH97bcxIiLEJfNwZOGQEx4t/aS/GgxRAR+ra9pMHPMtTHU4sqqA==",
      "license": "MIT"
    },
    "node_modules/@deepseek-ai/dsh-agent": {
      "version": "0.1.1-rc.2",
      "resolved": "https://registry.npmjs.org/@deepseek-ai/dsh-agent/-/dsh-agent-0.1.1-rc.2.tgz",
      "integrity": "sha512-cC7lnJe7JgPFcreNXxcxLMxQd78LnpVO9ZXROjZsGRQN1zGH6i/DduI892F1am85IfzzO+XTxMwwUHmfwamb0g==",
      "dev": true,
      "license": "MIT",
      "peerDependencies": {
        "@deepseek-ai/cordis": "^4.0.1",
        "@deepseek-ai/dsh-invariants": "^0.1.1-rc.2",
        "@deepseek-ai/dsh-llm": "^0.1.1-rc.2",
        "@deepseek-ai/dsh-scope": "^0.1.1-rc.2",
        "@deepseek-ai/dsh-session": "^0.1.1-rc.2",
        "@deepseek-ai/dsh-system-prompt": "^0.1.1-rc.2",
        "@deepseek-ai/dsh-typert-protocol": "^0.1.1-rc.2"
      }
    },
    "node_modules/@deepseek-ai/dsh-agent-loop": {
      "version": "0.1.1-rc.2",
      "resolved": "https://registry.npmjs.org/@deepseek-ai/dsh-agent-loop/-/dsh-agent-loop-0.1.1-rc.2.tgz",
      "integrity": "sha512-2uJZ6kjJ3IYLRGn6/NhiZgD576ABcbERB/nkReR9TEUMO2zWkz6OuKtVwLyFCFSni2T25Jv+clKQWt7D4MhU3A==",
      "dev": true,
      "license": "MIT",
      "dependencies": {
        "@deepseek-ai/schemastery": "^3.18.1"
      },
      "peerDependencies": {
        "@deepseek-ai/cordis": "^4.0.1",
        "@deepseek-ai/dsh-agent": "^0.1.1-rc.2",
        "@deepseek-ai/dsh-invariants": "^0.1.1-rc.2",
        "@deepseek-ai/dsh-llm": "^0.1.1-rc.2",
        "@deepseek-ai/dsh-scope": "^0.1.1-rc.2",
        "@deepseek-ai/dsh-session": "^0.1.1-rc.2",
        "@deepseek-ai/dsh-session-persistence": "^0.1.1-rc.2",
        "@deepseek-ai/dsh-settings": "^0.1.1-rc.2",
        "@deepseek-ai/dsh-system-prompt": "^0.1.1-rc.2",
        "@deepseek-ai/dsh-tools": "^0.1.1-rc.2"
      }
    },
    "node_modules/@deepseek-ai/dsh-invariants": {
      "version": "0.1.1-rc.2",
      "resolved": "https://registry.npmjs.org/@deepseek-ai/dsh-invariants/-/dsh-invariants-0.1.1-rc.2.tgz",
      "integrity": "sha512-l+1Om/EDFyMjhgSuEx2WDLLA2fia/+ga9mBTCoT/MMslsnWaK5G0/lWwbwlTBSaJ6OfmYc3DuBgox8DbgIGHRQ==",
      "dev": true,
      "license": "MIT",
      "dependencies": {
        "@deepseek-ai/schemastery": "^3.18.1"
      },
      "peerDependencies": {
        "@deepseek-ai/cordis": "^4.0.1"
      }
    },
    "node_modules/@deepseek-ai/dsh-llm": {
      "version": "0.1.1-rc.2",
      "resolved": "https://registry.npmjs.org/@deepseek-ai/dsh-llm/-/dsh-llm-0.1.1-rc.2.tgz",
      "integrity": "sha512-ASJfjIdZbIXvLwi3rGo+eZb/GxMVV/WO5/XVD3B96mT8EIzrlw3+nMR6/CvmJVzcycKQ2XN0wj7jD6TasPRySA==",
      "dev": true,
      "license": "MIT",
      "dependencies": {
        "@deepseek-ai/schemastery": "^3.18.1"
      },
      "peerDependencies": {
        "@deepseek-ai/cordis": "^4.0.1",
        "@deepseek-ai/dsh-attachment": "^0.1.1-rc.2",
        "@deepseek-ai/dsh-brand": "^0.1.1-rc.2",
        "@deepseek-ai/dsh-invariants": "^0.1.1-rc.2",
        "@deepseek-ai/dsh-timeout": "^0.1.1-rc.2"
      }
    },
    "node_modules/@deepseek-ai/dsh-llm-mock-server": {
      "version": "0.0.1-rc.1",
      "resolved": "https://registry.npmjs.org/@deepseek-ai/dsh-llm-mock-server/-/dsh-llm-mock-server-0.0.1-rc.1.tgz",
      "integrity": "sha512-qsbIlGm3LfdWNGt6XXcsBk0NFd8uX6E3TmfYnxR2O3UCKaLHuSE8WbQB0/eE/u7cFbuuEsqw5vRBE9k0teDH3g==",
      "dev": true,
      "license": "BSD-3-Clause",
      "peerDependencies": {
        "@deepseek-ai/cordis": "^4.0.1-rc.1",
        "@deepseek-ai/dsh-invariants": "^0.0.1-rc.1"
      }
    },
    "node_modules/@deepseek-ai/dsh-scope": {
      "version": "0.1.1-rc.2",
      "resolved": "https://registry.npmjs.org/@deepseek-ai/dsh-scope/-/dsh-scope-0.1.1-rc.2.tgz",
      "integrity": "sha512-Xy3ejL6dwVSluZL7XOWy76ya4pCw1uHwxodDK4O9XiQUiUV4FBXnt0aNJUtMeAFN0c1YujxxCmRniMvuuNn1Nw==",
      "dev": true,
      "license": "MIT",
      "peerDependencies": {
        "@deepseek-ai/cordis": "^4.0.1",
        "@deepseek-ai/dsh-invariants": "^0.1.1-rc.2"
      }
    },
    "node_modules/@deepseek-ai/dsh-session": {
      "version": "0.1.1-rc.2",
      "resolved": "https://registry.npmjs.org/@deepseek-ai/dsh-session/-/dsh-session-0.1.1-rc.2.tgz",
      "integrity": "sha512-4/cv6X9HPhm47eyRhCu/WZwzrtJKegk5J+0xaxcZ9i8S0smdxP57tqy8a0jkSshLQn7BzMFxneQrlYExrLrDhQ==",
      "dev": true,
      "license": "MIT",
      "peerDependencies": {
        "@deepseek-ai/cordis": "^4.0.1",
        "@deepseek-ai/dsh-brand": "^0.1.1-rc.2",
        "@deepseek-ai/dsh-invariants": "^0.1.1-rc.2",
        "@deepseek-ai/dsh-llm": "^0.1.1-rc.2",
        "@deepseek-ai/dsh-scope": "^0.1.1-rc.2",
        "@deepseek-ai/dsh-typert-protocol": "^0.1.1-rc.2"
      }
    },
    "node_modules/@deepseek-ai/dsh-session-persistence": {
      "version": "0.1.1-rc.2",
      "resolved": "https://registry.npmjs.org/@deepseek-ai/dsh-session-persistence/-/dsh-session-persistence-0.1.1-rc.2.tgz",
      "integrity": "sha512-dxdYxRfmK5jWtiFFabqRNb/jGGjkXyF2djI7O8IIKmDVjhQiv170zpvhbAhRUuqClEdseCtbQpLBrRm2blzt3g==",
      "dev": true,
      "license": "MIT",
      "peerDependencies": {
        "@deepseek-ai/cordis": "^4.0.1",
        "@deepseek-ai/dsh-brand": "^0.1.1-rc.2",
        "@deepseek-ai/dsh-invariants": "^0.1.1-rc.2",
        "@deepseek-ai/dsh-session": "^0.1.1-rc.2",
        "@deepseek-ai/dsh-timeout": "^0.1.1-rc.2"
      }
    },
    "node_modules/@deepseek-ai/dsh-settings": {
      "version": "0.1.1-rc.2",
      "resolved": "https://registry.npmjs.org/@deepseek-ai/dsh-settings/-/dsh-settings-0.1.1-rc.2.tgz",
      "integrity": "sha512-iGdKEt91Im3gE7xA9CzRfTJsPcFcxDeDOCLhAjzbpjEv7TAjx/EoYP7lPtiy+QmOjKSKy206SEtAKol9PXWbOw==",
      "dev": true,
      "license": "MIT",
      "peerDependencies": {
        "@deepseek-ai/cordis": "^4.0.1",
        "@deepseek-ai/dsh-brand": "^0.1.1-rc.2",
        "@deepseek-ai/dsh-invariants": "^0.1.1-rc.2",
        "@deepseek-ai/schemastery": "^3.18.1"
      }
    },
    "node_modules/@deepseek-ai/dsh-system-prompt": {
      "version": "0.1.1-rc.2",
      "resolved": "https://registry.npmjs.org/@deepseek-ai/dsh-system-prompt/-/dsh-system-prompt-0.1.1-rc.2.tgz",
      "integrity": "sha512-on4hjAlYI5uX9q7Sf95YkMMBVe6heywtA/H50ksrIMUub8U2B98hO9iQpHhjwIO1F1vu+5pLcPvRr6yUGGmtXQ==",
      "dev": true,
      "license": "MIT",
      "dependencies": {
        "@deepseek-ai/schemastery": "^3.18.1"
      },
      "peerDependencies": {
        "@deepseek-ai/cordis": "^4.0.1",
        "@deepseek-ai/dsh-invariants": "^0.1.1-rc.2",
        "@deepseek-ai/dsh-llm": "^0.1.1-rc.2",
        "@deepseek-ai/dsh-scope": "^0.1.1-rc.2"
      }
    },
    "node_modules/@deepseek-ai/dsh-tools": {
      "version": "0.1.1-rc.2",
      "resolved": "https://registry.npmjs.org/@deepseek-ai/dsh-tools/-/dsh-tools-0.1.1-rc.2.tgz",
      "integrity": "sha512-0GGL4D55MwYDepzZMOI3L0ycu5b2qr96GL0Y7snwhAnpK2Di61rbX3fJE+PB3ZrovGX0csIRdt9n3iJZDVtDrw==",
      "dev": true,
      "license": "MIT",
      "dependencies": {
        "@deepseek-ai/schemastery": "^3.18.1"
      },
      "peerDependencies": {
        "@deepseek-ai/cordis": "^4.0.1",
        "@deepseek-ai/dsh-agent": "^0.1.1-rc.2",
        "@deepseek-ai/dsh-code-runtime": "^0.1.1-rc.2",
        "@deepseek-ai/dsh-invariants": "^0.1.1-rc.2",
        "@deepseek-ai/dsh-llm": "^0.1.1-rc.2",
        "@deepseek-ai/dsh-scope": "^0.1.1-rc.2",
        "@deepseek-ai/dsh-session": "^0.1.1-rc.2",
        "@deepseek-ai/dsh-system-prompt": "^0.1.1-rc.2",
        "@deepseek-ai/dsh-user-approval": "^0.1.1-rc.2"
      }
    },
    "node_modules/@deepseek-ai/schemastery": {
      "version": "3.18.1",
      "resolved": "https://registry.npmjs.org/@deepseek-ai/schemastery/-/schemastery-3.18.1.tgz",
      "integrity": "sha512-Qn0FCSwCQnpnj6SB31I6i2sIKgKWnkbJM8O0EU91Gv2UsYVvtZTl6IA0sCwk2e2MZf5S8w5hpq9QkeVvK9qwxg==",
      "dev": true,
      "license": "MIT",
      "dependencies": {
        "@deepseek-ai/cosmokit": "^1.8.2",
        "@standard-schema/spec": "^1.1.0"
      }
    },
    "node_modules/@saturday/bridge": {
      "resolved": "packages/bridge",
      "link": true
    },
    "node_modules/@saturday/contract-tests": {
      "resolved": "packages/contract-tests",
      "link": true
    },
    "node_modules/@saturday/core": {
      "resolved": "packages/core",
      "link": true
    },
    "node_modules/@saturday/kernel": {
      "resolved": "packages/kernel",
      "link": true
    },
    "node_modules/@saturday/plugin-ase": {
      "resolved": "plugins/ase",
      "link": true
    },
    "node_modules/@saturday/plugin-derivation": {
      "resolved": "plugins/derivation",
      "link": true
    },
    "node_modules/@saturday/plugin-eos": {
      "resolved": "plugins/eos",
      "link": true
    },
    "node_modules/@saturday/plugin-ergodic": {
      "resolved": "plugins/ergodic",
      "link": true
    },
    "node_modules/@saturday/plugin-explore": {
      "resolved": "plugins/explore",
      "link": true
    },
    "node_modules/@saturday/plugin-lammps": {
      "resolved": "plugins/lammps",
      "link": true
    },
    "node_modules/@saturday/plugin-mace": {
      "resolved": "plugins/mace",
      "link": true
    },
    "node_modules/@saturday/plugin-mp": {
      "resolved": "plugins/mp-structure-source",
      "link": true
    },
    "node_modules/@saturday/plugin-neb": {
      "resolved": "plugins/neb",
      "link": true
    },
    "node_modules/@saturday/plugin-replay": {
      "resolved": "plugins/replay",
      "link": true
    },
    "node_modules/@saturday/plugin-sampler-ou": {
      "resolved": "plugins/sampler-ou",
      "link": true
    },
    "node_modules/@saturday/plugin-sampler-perturb": {
      "resolved": "plugins/sampler-perturb",
      "link": true
    },
    "node_modules/@saturday/plugin-screening": {
      "resolved": "plugins/screening",
      "link": true
    },
    "node_modules/@saturday/python-bridge": {
      "resolved": "packages/python-bridge",
      "link": true
    },
    "node_modules/@standard-schema/spec": {
      "version": "1.1.0",
      "resolved": "https://registry.npmjs.org/@standard-schema/spec/-/spec-1.1.0.tgz",
      "integrity": "sha512-l2aFy5jALhniG5HgqrD6jXLi/rUWrKvqN/qJx6yoJsgKhblVd+iqqU4RCXavm/jPityDo5TCvKMnpjKnOriy0w==",
      "license": "MIT"
    },
    "packages/bridge": {
      "name": "@saturday/bridge",
      "version": "0.3.0",
      "license": "MIT",
      "dependencies": {
        "@saturday/core": "^0.3.0",
        "@saturday/kernel": "^0.3.0",
        "@saturday/python-bridge": "^0.3.0"
      },
      "devDependencies": {
        "@deepseek-ai/dsh-agent": "^0.1.1-rc.2",
        "@deepseek-ai/dsh-agent-loop": "^0.1.1-rc.2",
        "@deepseek-ai/dsh-invariants": "^0.1.1-rc.2",
        "@deepseek-ai/dsh-llm": "^0.1.1-rc.2",
        "@deepseek-ai/dsh-llm-mock-server": "^0.0.1-rc.1",
        "@deepseek-ai/dsh-scope": "^0.1.1-rc.2",
        "@deepseek-ai/dsh-session": "^0.1.1-rc.2",
        "@deepseek-ai/dsh-session-persistence": "^0.1.1-rc.2",
        "@deepseek-ai/dsh-settings": "^0.1.1-rc.2",
        "@deepseek-ai/dsh-system-prompt": "^0.1.1-rc.2",
        "@deepseek-ai/dsh-tools": "^0.1.1-rc.2",
        "@saturday/plugin-derivation": "^0.3.0",
        "@saturday/plugin-screening": "^0.3.0"
      },
      "peerDependencies": {
        "@deepseek-ai/cordis": "^4.0.1"
      }
    },
    "packages/contract-tests": {
      "name": "@saturday/contract-tests",
      "version": "0.3.0",
      "license": "MIT",
      "dependencies": {
        "@saturday/core": "^0.3.0"
      }
    },
    "packages/core": {
      "name": "@saturday/core",
      "version": "0.3.0",
      "license": "MIT"
    },
    "packages/kernel": {
      "name": "@saturday/kernel",
      "version": "0.3.0",
      "license": "MIT",
      "peerDependencies": {
        "@deepseek-ai/cordis": "^4.0.1"
      }
    },
    "packages/python-bridge": {
      "name": "@saturday/python-bridge",
      "version": "0.3.0",
      "license": "MIT",
      "devDependencies": {
        "@saturday/core": "^0.3.0"
      }
    },
    "plugins/ase": {
      "name": "@saturday/plugin-ase",
      "version": "0.3.0",
      "license": "MIT",
      "dependencies": {
        "@saturday/core": "^0.3.0",
        "@saturday/kernel": "^0.3.0",
        "@saturday/python-bridge": "^0.3.0"
      },
      "devDependencies": {
        "@saturday/contract-tests": "^0.3.0"
      }
    },
    "plugins/derivation": {
      "name": "@saturday/plugin-derivation",
      "version": "0.3.0",
      "license": "MIT",
      "dependencies": {
        "@saturday/kernel": "^0.3.0"
      },
      "devDependencies": {
        "@saturday/contract-tests": "^0.3.0",
        "@saturday/core": "^0.3.0"
      },
      "peerDependencies": {
        "@deepseek-ai/cordis": "^4.0.1"
      }
    },
    "plugins/eos": {
      "name": "@saturday/plugin-eos",
      "version": "0.3.0",
      "license": "MIT",
      "dependencies": {
        "@saturday/core": "^0.3.0",
        "@saturday/kernel": "^0.3.0"
      },
      "devDependencies": {
        "@saturday/bridge": "^0.3.0"
      }
    },
    "plugins/ergodic": {
      "name": "@saturday/plugin-ergodic",
      "version": "0.3.0",
      "license": "MIT",
      "dependencies": {
        "@saturday/core": "^0.3.0",
        "@saturday/kernel": "^0.3.0"
      },
      "devDependencies": {
        "@saturday/contract-tests": "^0.3.0",
        "@saturday/plugin-ase": "^0.3.0",
        "@saturday/plugin-sampler-ou": "^0.3.0",
        "@saturday/plugin-sampler-perturb": "^0.3.0",
        "@saturday/python-bridge": "^0.3.0"
      },
      "peerDependencies": {
        "@deepseek-ai/cordis": "^4.0.1"
      }
    },
    "plugins/explore": {
      "name": "@saturday/plugin-explore",
      "version": "0.3.0",
      "license": "MIT",
      "dependencies": {
        "@saturday/core": "^0.3.0",
        "@saturday/kernel": "^0.3.0"
      },
      "devDependencies": {
        "@saturday/contract-tests": "^0.3.0",
        "@saturday/plugin-sampler-perturb": "^0.3.0"
      },
      "peerDependencies": {
        "@deepseek-ai/cordis": "^4.0.1"
      }
    },
    "plugins/lammps": {
      "name": "@saturday/plugin-lammps",
      "version": "0.3.0",
      "license": "MIT",
      "dependencies": {
        "@saturday/core": "^0.3.0",
        "@saturday/kernel": "^0.3.0"
      },
      "devDependencies": {
        "@saturday/contract-tests": "^0.3.0"
      },
      "peerDependencies": {
        "@deepseek-ai/cordis": "^4.0.1"
      }
    },
    "plugins/mace": {
      "name": "@saturday/plugin-mace",
      "version": "0.3.0",
      "license": "MIT",
      "dependencies": {
        "@saturday/core": "^0.3.0",
        "@saturday/kernel": "^0.3.0"
      },
      "devDependencies": {
        "@saturday/contract-tests": "^0.3.0",
        "@saturday/plugin-lammps": "^0.3.0"
      }
    },
    "plugins/mp-structure-source": {
      "name": "@saturday/plugin-mp",
      "version": "0.3.0",
      "license": "MIT",
      "dependencies": {
        "@saturday/core": "^0.3.0",
        "@saturday/kernel": "^0.3.0"
      },
      "devDependencies": {
        "@saturday/contract-tests": "^0.3.0"
      },
      "peerDependencies": {
        "@deepseek-ai/cordis": "^4.0.1"
      }
    },
    "plugins/neb": {
      "name": "@saturday/plugin-neb",
      "version": "0.3.0",
      "license": "MIT",
      "dependencies": {
        "@saturday/kernel": "^0.3.0"
      }
    },
    "plugins/replay": {
      "name": "@saturday/plugin-replay",
      "version": "0.3.0",
      "license": "MIT",
      "dependencies": {
        "@saturday/kernel": "^0.3.0"
      },
      "devDependencies": {
        "@saturday/bridge": "^0.3.0",
        "@saturday/plugin-screening": "^0.3.0"
      }
    },
    "plugins/sampler-ou": {
      "name": "@saturday/plugin-sampler-ou",
      "version": "0.3.0",
      "license": "MIT",
      "dependencies": {
        "@saturday/core": "^0.3.0",
        "@saturday/kernel": "^0.3.0"
      },
      "devDependencies": {
        "@saturday/contract-tests": "^0.3.0"
      },
      "peerDependencies": {
        "@deepseek-ai/cordis": "^4.0.1"
      }
    },
    "plugins/sampler-perturb": {
      "name": "@saturday/plugin-sampler-perturb",
      "version": "0.3.0",
      "license": "MIT",
      "dependencies": {
        "@saturday/core": "^0.3.0",
        "@saturday/kernel": "^0.3.0"
      },
      "devDependencies": {
        "@saturday/contract-tests": "^0.3.0"
      },
      "peerDependencies": {
        "@deepseek-ai/cordis": "^4.0.1"
      }
    },
    "plugins/screening": {
      "name": "@saturday/plugin-screening",
      "version": "0.3.0",
      "license": "MIT",
      "dependencies": {
        "@saturday/core": "^0.3.0",
        "@saturday/kernel": "^0.3.0"
      },
      "devDependencies": {
        "@saturday/contract-tests": "^0.3.0"
      },
      "peerDependencies": {
        "@deepseek-ai/cordis": "^4.0.1"
      }
    }
  }
}
